
Microsoft Visual Studio Solution File, Format Version 12.00
# Visual Studio Version 17
VisualStudioVersion = 17.0.31903.59
MinimumVisualStudioVersion = 10.0.40219.1
Project("{FAE04EC0-301F-11D3-BF4B-00C04F79EFBC}") = "side-winder.Api", "side-winder.Api\side-winder.Api.csproj", "{147C6FBE-318A-481E-B46B-EEFCC301C8E1}"
EndProject
Project("{FAE04EC0-301F-11D3-BF4B-00C04F79EFBC}") = "side-winder.Domain", "side-winder.Domain\side-winder.Domain.csproj", "{1EA11CEE-7372-4B3E-BAB6-10B18BD12A70}"
EndProject
Project("{FAE04EC0-301F-11D3-BF4B-00C04F79EFBC}") = "side-winder.Data", "side-winder.Data\side-winder.Data.csproj", "{D39B1204-3A75-4BE1-A70B-1DBE8F516610}"
EndProject
Project("{2150E333-8FDC-42A3-9474-1A3956D46DE8}") = "tests", "tests", "{B52402ED-852D-4BC7-A520-CA1C8C53DE22}"
EndProject
Project("{FAE04EC0-301F-11D3-BF4B-00C04F79EFBC}") = "side-winder.Domain.Tests", "tests\side-winder.Domain.Tests\side-winder.Domain.Tests.csproj", "{3622E5AD-0D79-4409-B037-EC5BC33EE7FA}"
EndProject
Global
	GlobalSection(SolutionConfigurationPlatforms) = preSolution
		Debug|Any CPU = Debug|Any CPU
		Release|Any CPU = Release|Any CPU
	EndGlobalSection
	GlobalSection(SolutionProperties) = preSolution
		HideSolutionNode = FALSE
	EndGlobalSection
	GlobalSection(ProjectConfigurationPlatforms) = postSolution
		{147C6FBE-318A-481E-B46B-EEFCC301C8E1}.Debug|Any CPU.ActiveCfg = Debug|Any CPU
		{147C6FBE-318A-481E-B46B-EEFCC301C8E1}.Debug|Any CPU.Build.0 = Debug|Any CPU
		{147C6FBE-318A-481E-B46B-EEFCC301C8E1}.Release|Any CPU.ActiveCfg = Release|Any CPU
		{147C6FBE-318A-481E-B46B-EEFCC301C8E1}.Release|Any CPU.Build.0 = Release|Any CPU
		{1EA11CEE-7372-4B3E-BAB6-10B18BD12A70}.Debug|Any CPU.ActiveCfg = Debug|Any CPU
		{1EA11CEE-7372-4B3E-BAB6-10B18BD12A70}.Debug|Any CPU.Build.0 = Debug|Any CPU
		{1EA11CEE-7372-4B3E-BAB6-10B18BD12A70}.Release|Any CPU.ActiveCfg = Release|Any CPU
		{1EA11CEE-7372-4B3E-BAB6-10B18BD12A70}.Release|Any CPU.Build.0 = Release|Any CPU
		{D39B1204-3A75-4BE1-A70B-1DBE8F516610}.Debug|Any CPU.ActiveCfg = Debug|Any CPU
		{D39B1204-3A75-4BE1-A70B-1DBE8F516610}.Debug|Any CPU.Build.0 = Debug|Any CPU
		{D39B1204-3A75-4BE1-A70B-1DBE8F516610}.Release|Any CPU.ActiveCfg = Release|Any CPU
		{D39B1204-3A75-4BE1-A70B-1DBE8F516610}.Release|Any CPU.Build.0 = Release|Any CPU
		{696875B7-37B1-4B18-81BA-EF6A67C5754E}.Debug|Any CPU.ActiveCfg = Debug|Any CPU
		{696875B7-37B1-4B18-81BA-EF6A67C5754E}.Debug|Any CPU.Build.0 = Debug|Any CPU
		{696875B7-37B1-4B18-81BA-EF6A67C5754E}.Release|Any CPU.ActiveCfg = Release|Any CPU
		{696875B7-37B1-4B18-81BA-EF6A67C5754E}.Release|Any CPU.Build.0 = Release|Any CPU
		{3622E5AD-0D79-4409-B037-EC5BC33EE7FA}.Debug|Any CPU.ActiveCfg = Debug|Any CPU
		{3622E5AD-0D79-4409-B037-EC5BC33EE7FA}.Debug|Any CPU.Build.0 = Debug|Any CPU
		{3622E5AD-0D79-4409-B037-EC5BC33EE7FA}.Release|Any CPU.ActiveCfg = Release|Any CPU
		{3622E5AD-0D79-4409-B037-EC5BC33EE7FA}.Release|Any CPU.Build.0 = Release|Any CPU
	EndGlobalSection
	GlobalSection(NestedProjects) = preSolution
		
		{3622E5AD-0D79-4409-B037-EC5BC33EE7FA} = {B52402ED-852D-4BC7-A520-CA1C8C53DE22}
	EndGlobalSection
EndGlobal
